
Microsoft Visual Studio Solution File, Format Version 12.00
# Visual Studio 15
Project("{FAE04EC0-301F-11D3-BF4B-00C04F79EFBC}") = "Assembly-CSharp", "Assembly-CSharp.csproj", "{B239425B-8298-C5C2-3FD9-D1BB73AD0BEF}"
EndProject
Global
	GlobalSection(SolutionConfigurationPlatforms) = preSolution
		Debug|Any CPU = Debug|Any CPU
		Release|Any CPU = Release|Any CPU
	EndGlobalSection
	GlobalSection(ProjectConfigurationPlatforms) = postSolution
		{B239425B-8298-C5C2-3FD9-D1BB73AD0BEF}.Debug|Any CPU.ActiveCfg = Debug|Any CPU
		{B239425B-8298-C5C2-3FD9-D1BB73AD0BEF}.Debug|Any CPU.Build.0 = Debug|Any CPU
		{B239425B-8298-C5C2-3FD9-D1BB73AD0BEF}.Release|Any CPU.ActiveCfg = Release|Any CPU
		{B239425B-8298-C5C2-3FD9-D1BB73AD0BEF}.Release|Any CPU.Build.0 = Release|Any CPU
	EndGlobalSection
	GlobalSection(SolutionProperties) = preSolution
		HideSolutionNode = FALSE
	EndGlobalSection
EndGlobal
